
Microsoft Visual Studio Solution File, Format Version 12.00
# Visual Studio Version 16
VisualStudioVersion = 16.0.30114.105
MinimumVisualStudioVersion = 10.0.40219.1
Project("{2150E333-8FDC-42A3-9474-1A3956D46DE8}") = "src", "src", "{EAF08977-6D81-4217-8811-1E97AF8253CA}"
EndProject
Project("{FAE04EC0-301F-11D3-BF4B-00C04F79EFBC}") = "Bootstrapper", "src\Bootstrapper\Bootstrapper.csproj", "{11C5D92B-8005-423C-927D-A5AF51FFA760}"
EndProject
Global
	GlobalSection(SolutionConfigurationPlatforms) = preSolution
		Debug|Any CPU = Debug|Any CPU
		Debug|x64 = Debug|x64
		Debug|x86 = Debug|x86
		Release|Any CPU = Release|Any CPU
		Release|x64 = Release|x64
		Release|x86 = Release|x86
	EndGlobalSection
	GlobalSection(SolutionProperties) = preSolution
		HideSolutionNode = FALSE
	EndGlobalSection
	GlobalSection(ProjectConfigurationPlatforms) = postSolution
		{11C5D92B-8005-423C-927D-A5AF51FFA760}.Debug|Any CPU.ActiveCfg = Debug|Any CPU
		{11C5D92B-8005-423C-927D-A5AF51FFA760}.Debug|Any CPU.Build.0 = Debug|Any CPU
		{11C5D92B-8005-423C-927D-A5AF51FFA760}.Debug|x64.ActiveCfg = Debug|Any CPU
		{11C5D92B-8005-423C-927D-A5AF51FFA760}.Debug|x64.Build.0 = Debug|Any CPU
		{11C5D92B-8005-423C-927D-A5AF51FFA760}.Debug|x86.ActiveCfg = Debug|Any CPU
		{11C5D92B-8005-423C-927D-A5AF51FFA760}.Debug|x86.Build.0 = Debug|Any CPU
		{11C5D92B-8005-423C-927D-A5AF51FFA760}.Release|Any CPU.ActiveCfg = Release|Any CPU
		{11C5D92B-8005-423C-927D-A5AF51FFA760}.Release|Any CPU.Build.0 = Release|Any CPU
		{11C5D92B-8005-423C-927D-A5AF51FFA760}.Release|x64.ActiveCfg = Release|Any CPU
		{11C5D92B-8005-423C-927D-A5AF51FFA760}.Release|x64.Build.0 = Release|Any CPU
		{11C5D92B-8005-423C-927D-A5AF51FFA760}.Release|x86.ActiveCfg = Release|Any CPU
		{11C5D92B-8005-423C-927D-A5AF51FFA760}.Release|x86.Build.0 = Release|Any CPU
	EndGlobalSection
	GlobalSection(NestedProjects) = preSolution
		{11C5D92B-8005-423C-927D-A5AF51FFA760} = {EAF08977-6D81-4217-8811-1E97AF8253CA}
	EndGlobalSection
EndGlobal
