Microsoft Visual Studio Solution File, Format Version 12.00
# Visual Studio Version 17
VisualStudioVersion = 17.0.31612.314
MinimumVisualStudioVersion = 10.0.40219.1
Project("{2150E333-8FDC-42A3-9474-1A3956D46DE8}") = "src", "src", "{56B4195C-A86F-45DB-BAA5-8F974D17112D}"
EndProject
Project("{2150E333-8FDC-42A3-9474-1A3956D46DE8}") = "Core", "Core", "{225C0FD8-B796-4E9E-B1E7-0E4CD13F2E45}"
EndProject
Project("{9A19103F-16F7-4668-BE54-9A1E7A4F7556}") = "Domain", "src\Core\Domain\Domain.csproj", "{F7E6892A-99E4-4702-AC1B-8B325B959089}"
EndProject
Project("{9A19103F-16F7-4668-BE54-9A1E7A4F7556}") = "Application", "src\Core\Application\Application.csproj", "{5829CFAE-7801-4CB9-9F39-3185F8AFFB19}"
EndProject
Project("{9A19103F-16F7-4668-BE54-9A1E7A4F7556}") = "Infrastructure", "src\Infrastructure\Infrastructure.csproj", "{5C3397B9-EF56-4499-B625-D1B8D1B7DD68}"
EndProject
Project("{9A19103F-16F7-4668-BE54-9A1E7A4F7556}") = "Host", "src\Host\Host.csproj", "{AD21F819-C24F-4FBB-8033-491E424B6349}"
EndProject
Project("{2150E333-8FDC-42A3-9474-1A3956D46DE8}") = "Migrators", "Migrators", "{B778FB14-BDFD-454E-9FD7-5CE3572552B7}"
EndProject
Project("{9A19103F-16F7-4668-BE54-9A1E7A4F7556}") = "Migrators.PostgreSQL", "src\Migrators\Migrators.PostgreSQL\Migrators.PostgreSQL.csproj", "{927D3251-8F4E-47B2-B6FB-C2BBD49427CC}"
EndProject
Project("{9A19103F-16F7-4668-BE54-9A1E7A4F7556}") = "Migrators.MSSQL", "src\Migrators\Migrators.MSSQL\Migrators.MSSQL.csproj", "{BF2C59A8-8288-4260-9A95-B07503A5A134}"
EndProject
Project("{9A19103F-16F7-4668-BE54-9A1E7A4F7556}") = "Migrators.MySQL", "src\Migrators\Migrators.MySQL\Migrators.MySQL.csproj", "{3C50A473-F439-47B8-8FCB-7CA9C3367247}"
EndProject
Project("{2150E333-8FDC-42A3-9474-1A3956D46DE8}") = "Solution Items", "Solution Items", "{626CE5D3-A235-429B-9709-66007CD169A7}"
	ProjectSection(SolutionItems) = preProject
		.dockerignore = .dockerignore
		.editorconfig = .editorconfig
		.gitignore = .gitignore
		Changelogs.md = Changelogs.md
		CODE_OF_CONDUCT.md = CODE_OF_CONDUCT.md
		CONTRIBUTING.md = CONTRIBUTING.md
		Directory.Build.props = Directory.Build.props
		Directory.Build.targets = Directory.Build.targets
		docker-compose.yml = docker-compose.yml
		dotnet.ruleset = dotnet.ruleset
		FSH.WebApi.nuspec = FSH.WebApi.nuspec
		global.json = global.json
		icon.png = icon.png
		LICENSE = LICENSE
		README.md = README.md
		README_DOCKER.md = README_DOCKER.md
		stylecop.json = stylecop.json
	EndProjectSection
EndProject
Project("{2150E333-8FDC-42A3-9474-1A3956D46DE8}") = "tests", "tests", "{E63DB355-B283-460C-87E9-68A8E831ADCE}"
EndProject
Project("{9A19103F-16F7-4668-BE54-9A1E7A4F7556}") = "Infrastructure.Test", "tests\Infrastructure.Test\Infrastructure.Test.csproj", "{56278085-6921-4F93-A64B-DE6BEBFB6F24}"
EndProject
Project("{9A19103F-16F7-4668-BE54-9A1E7A4F7556}") = "Migrators.Oracle", "src\Migrators\Migrators.Oracle\Migrators.Oracle.csproj", "{E860D5C5-7E42-438D-AD3E-8CDCD80F49FC}"
EndProject
Project("{9A19103F-16F7-4668-BE54-9A1E7A4F7556}") = "Shared", "src\Core\Shared\Shared.csproj", "{5B986063-2160-4F86-AF1D-7F97671146C5}"
EndProject
Project("{FAE04EC0-301F-11D3-BF4B-00C04F79EFBC}") = "Migrators.SqLite", "src\Migrators\Migrators.SqLite\Migrators.SqLite.csproj", "{4881A50F-5C2B-4381-81FD-3ECA11450016}"
EndProject
Global
	GlobalSection(SolutionConfigurationPlatforms) = preSolution
		Debug|Any CPU = Debug|Any CPU
		Release|Any CPU = Release|Any CPU
	EndGlobalSection
	GlobalSection(ProjectConfigurationPlatforms) = postSolution
		{F7E6892A-99E4-4702-AC1B-8B325B959089}.Debug|Any CPU.ActiveCfg = Debug|Any CPU
		{F7E6892A-99E4-4702-AC1B-8B325B959089}.Debug|Any CPU.Build.0 = Debug|Any CPU
		{F7E6892A-99E4-4702-AC1B-8B325B959089}.Release|Any CPU.ActiveCfg = Release|Any CPU
		{F7E6892A-99E4-4702-AC1B-8B325B959089}.Release|Any CPU.Build.0 = Release|Any CPU
		{5829CFAE-7801-4CB9-9F39-3185F8AFFB19}.Debug|Any CPU.ActiveCfg = Debug|Any CPU
		{5829CFAE-7801-4CB9-9F39-3185F8AFFB19}.Debug|Any CPU.Build.0 = Debug|Any CPU
		{5829CFAE-7801-4CB9-9F39-3185F8AFFB19}.Release|Any CPU.ActiveCfg = Release|Any CPU
		{5829CFAE-7801-4CB9-9F39-3185F8AFFB19}.Release|Any CPU.Build.0 = Release|Any CPU
		{5C3397B9-EF56-4499-B625-D1B8D1B7DD68}.Debug|Any CPU.ActiveCfg = Debug|Any CPU
		{5C3397B9-EF56-4499-B625-D1B8D1B7DD68}.Debug|Any CPU.Build.0 = Debug|Any CPU
		{5C3397B9-EF56-4499-B625-D1B8D1B7DD68}.Release|Any CPU.ActiveCfg = Release|Any CPU
		{5C3397B9-EF56-4499-B625-D1B8D1B7DD68}.Release|Any CPU.Build.0 = Release|Any CPU
		{AD21F819-C24F-4FBB-8033-491E424B6349}.Debug|Any CPU.ActiveCfg = Debug|Any CPU
		{AD21F819-C24F-4FBB-8033-491E424B6349}.Debug|Any CPU.Build.0 = Debug|Any CPU
		{AD21F819-C24F-4FBB-8033-491E424B6349}.Release|Any CPU.ActiveCfg = Release|Any CPU
		{AD21F819-C24F-4FBB-8033-491E424B6349}.Release|Any CPU.Build.0 = Release|Any CPU
		{927D3251-8F4E-47B2-B6FB-C2BBD49427CC}.Debug|Any CPU.ActiveCfg = Debug|Any CPU
		{927D3251-8F4E-47B2-B6FB-C2BBD49427CC}.Debug|Any CPU.Build.0 = Debug|Any CPU
		{927D3251-8F4E-47B2-B6FB-C2BBD49427CC}.Release|Any CPU.ActiveCfg = Release|Any CPU
		{927D3251-8F4E-47B2-B6FB-C2BBD49427CC}.Release|Any CPU.Build.0 = Release|Any CPU
		{BF2C59A8-8288-4260-9A95-B07503A5A134}.Debug|Any CPU.ActiveCfg = Debug|Any CPU
		{BF2C59A8-8288-4260-9A95-B07503A5A134}.Debug|Any CPU.Build.0 = Debug|Any CPU
		{BF2C59A8-8288-4260-9A95-B07503A5A134}.Release|Any CPU.ActiveCfg = Release|Any CPU
		{BF2C59A8-8288-4260-9A95-B07503A5A134}.Release|Any CPU.Build.0 = Release|Any CPU
		{3C50A473-F439-47B8-8FCB-7CA9C3367247}.Debug|Any CPU.ActiveCfg = Debug|Any CPU
		{3C50A473-F439-47B8-8FCB-7CA9C3367247}.Debug|Any CPU.Build.0 = Debug|Any CPU
		{3C50A473-F439-47B8-8FCB-7CA9C3367247}.Release|Any CPU.ActiveCfg = Release|Any CPU
		{3C50A473-F439-47B8-8FCB-7CA9C3367247}.Release|Any CPU.Build.0 = Release|Any CPU
		{56278085-6921-4F93-A64B-DE6BEBFB6F24}.Debug|Any CPU.ActiveCfg = Debug|Any CPU
		{56278085-6921-4F93-A64B-DE6BEBFB6F24}.Debug|Any CPU.Build.0 = Debug|Any CPU
		{56278085-6921-4F93-A64B-DE6BEBFB6F24}.Release|Any CPU.ActiveCfg = Release|Any CPU
		{56278085-6921-4F93-A64B-DE6BEBFB6F24}.Release|Any CPU.Build.0 = Release|Any CPU
		{E860D5C5-7E42-438D-AD3E-8CDCD80F49FC}.Debug|Any CPU.ActiveCfg = Debug|Any CPU
		{E860D5C5-7E42-438D-AD3E-8CDCD80F49FC}.Debug|Any CPU.Build.0 = Debug|Any CPU
		{E860D5C5-7E42-438D-AD3E-8CDCD80F49FC}.Release|Any CPU.ActiveCfg = Release|Any CPU
		{E860D5C5-7E42-438D-AD3E-8CDCD80F49FC}.Release|Any CPU.Build.0 = Release|Any CPU
		{5B986063-2160-4F86-AF1D-7F97671146C5}.Debug|Any CPU.ActiveCfg = Debug|Any CPU
		{5B986063-2160-4F86-AF1D-7F97671146C5}.Debug|Any CPU.Build.0 = Debug|Any CPU
		{5B986063-2160-4F86-AF1D-7F97671146C5}.Release|Any CPU.ActiveCfg = Release|Any CPU
		{5B986063-2160-4F86-AF1D-7F97671146C5}.Release|Any CPU.Build.0 = Release|Any CPU
		{4881A50F-5C2B-4381-81FD-3ECA11450016}.Debug|Any CPU.ActiveCfg = Debug|Any CPU
		{4881A50F-5C2B-4381-81FD-3ECA11450016}.Debug|Any CPU.Build.0 = Debug|Any CPU
		{4881A50F-5C2B-4381-81FD-3ECA11450016}.Release|Any CPU.ActiveCfg = Release|Any CPU
		{4881A50F-5C2B-4381-81FD-3ECA11450016}.Release|Any CPU.Build.0 = Release|Any CPU
	EndGlobalSection
	GlobalSection(SolutionProperties) = preSolution
		HideSolutionNode = FALSE
	EndGlobalSection
	GlobalSection(NestedProjects) = preSolution
		{225C0FD8-B796-4E9E-B1E7-0E4CD13F2E45} = {56B4195C-A86F-45DB-BAA5-8F974D17112D}
		{F7E6892A-99E4-4702-AC1B-8B325B959089} = {225C0FD8-B796-4E9E-B1E7-0E4CD13F2E45}
		{5829CFAE-7801-4CB9-9F39-3185F8AFFB19} = {225C0FD8-B796-4E9E-B1E7-0E4CD13F2E45}
		{5C3397B9-EF56-4499-B625-D1B8D1B7DD68} = {56B4195C-A86F-45DB-BAA5-8F974D17112D}
		{AD21F819-C24F-4FBB-8033-491E424B6349} = {56B4195C-A86F-45DB-BAA5-8F974D17112D}
		{B778FB14-BDFD-454E-9FD7-5CE3572552B7} = {56B4195C-A86F-45DB-BAA5-8F974D17112D}
		{927D3251-8F4E-47B2-B6FB-C2BBD49427CC} = {B778FB14-BDFD-454E-9FD7-5CE3572552B7}
		{BF2C59A8-8288-4260-9A95-B07503A5A134} = {B778FB14-BDFD-454E-9FD7-5CE3572552B7}
		{3C50A473-F439-47B8-8FCB-7CA9C3367247} = {B778FB14-BDFD-454E-9FD7-5CE3572552B7}
		{56278085-6921-4F93-A64B-DE6BEBFB6F24} = {E63DB355-B283-460C-87E9-68A8E831ADCE}
		{E860D5C5-7E42-438D-AD3E-8CDCD80F49FC} = {B778FB14-BDFD-454E-9FD7-5CE3572552B7}
		{5B986063-2160-4F86-AF1D-7F97671146C5} = {225C0FD8-B796-4E9E-B1E7-0E4CD13F2E45}
		{4881A50F-5C2B-4381-81FD-3ECA11450016} = {B778FB14-BDFD-454E-9FD7-5CE3572552B7}
	EndGlobalSection
	GlobalSection(ExtensibilityGlobals) = postSolution
		SolutionGuid = {D0D80036-558A-4A3A-A0BE-00CED864A4DD}
	EndGlobalSection
EndGlobal
