
Microsoft Visual Studio Solution File, Format Version 12.00
# Visual Studio Version 17
VisualStudioVersion = 17.8.34330.188
MinimumVisualStudioVersion = 10.0.40219.1
Project("{9A19103F-16F7-4668-BE54-9A1E7A4F7556}") = "Infrastructure", "infrastructure\Infrastructure.csproj", "{9884C4C8-1604-40DC-BC98-715D8589C370}"
EndProject
Project("{9A19103F-16F7-4668-BE54-9A1E7A4F7556}") = "Shared", "shared\Shared.csproj", "{2178E20D-E48B-4D67-8303-2DF465EBFDF5}"
EndProject
Project("{9A19103F-16F7-4668-BE54-9A1E7A4F7556}") = "Client", "client\Client.csproj", "{B6995226-A18B-457B-9FB6-D16DC50BB818}"
EndProject
Global
	GlobalSection(SolutionConfigurationPlatforms) = preSolution
		Debug|Any CPU = Debug|Any CPU
		Release|Any CPU = Release|Any CPU
	EndGlobalSection
	GlobalSection(ProjectConfigurationPlatforms) = postSolution
		{9884C4C8-1604-40DC-BC98-715D8589C370}.Debug|Any CPU.ActiveCfg = Debug|Any CPU
		{9884C4C8-1604-40DC-BC98-715D8589C370}.Debug|Any CPU.Build.0 = Debug|Any CPU
		{9884C4C8-1604-40DC-BC98-715D8589C370}.Release|Any CPU.ActiveCfg = Release|Any CPU
		{9884C4C8-1604-40DC-BC98-715D8589C370}.Release|Any CPU.Build.0 = Release|Any CPU
		{2178E20D-E48B-4D67-8303-2DF465EBFDF5}.Debug|Any CPU.ActiveCfg = Debug|Any CPU
		{2178E20D-E48B-4D67-8303-2DF465EBFDF5}.Debug|Any CPU.Build.0 = Debug|Any CPU
		{2178E20D-E48B-4D67-8303-2DF465EBFDF5}.Release|Any CPU.ActiveCfg = Release|Any CPU
		{2178E20D-E48B-4D67-8303-2DF465EBFDF5}.Release|Any CPU.Build.0 = Release|Any CPU
		{B6995226-A18B-457B-9FB6-D16DC50BB818}.Debug|Any CPU.ActiveCfg = Debug|Any CPU
		{B6995226-A18B-457B-9FB6-D16DC50BB818}.Debug|Any CPU.Build.0 = Debug|Any CPU
		{B6995226-A18B-457B-9FB6-D16DC50BB818}.Release|Any CPU.ActiveCfg = Release|Any CPU
		{B6995226-A18B-457B-9FB6-D16DC50BB818}.Release|Any CPU.Build.0 = Release|Any CPU
	EndGlobalSection
	GlobalSection(SolutionProperties) = preSolution
		HideSolutionNode = FALSE
	EndGlobalSection
	GlobalSection(ExtensibilityGlobals) = postSolution
		SolutionGuid = {9CF56EF4-D547-4E8E-8F26-60E023518F08}
	EndGlobalSection
EndGlobal
