
Microsoft Visual Studio Solution File, Format Version 12.00
# Visual Studio Version 17
VisualStudioVersion = 17.0.31903.59
MinimumVisualStudioVersion = 10.0.40219.1
Project("{FAE04EC0-301F-11D3-BF4B-00C04F79EFBC}") = "Core", "Core\Core.csproj", "{9DAFE9BE-B4A7-422E-988C-5CB1A94DFC45}"
EndProject
Project("{FAE04EC0-301F-11D3-BF4B-00C04F79EFBC}") = "Infrastructure", "Infrastructure\Infrastructure.csproj", "{60DF219E-E1EB-428E-BB1F-F0342D42699F}"
EndProject
Project("{FAE04EC0-301F-11D3-BF4B-00C04F79EFBC}") = "Application", "Application\Application.csproj", "{63773336-64B9-4A55-B1EA-EEF18BDF73D9}"
EndProject
Project("{2150E333-8FDC-42A3-9474-1A3956D46DE8}") = "Identity", "Identity", "{15EA2212-0958-4415-AA37-116F2A47F23F}"
EndProject
Project("{2150E333-8FDC-42A3-9474-1A3956D46DE8}") = "Tenant", "Tenant", "{24E922E3-8C91-43A1-A110-D8F5276566BA}"
EndProject
Project("{FAE04EC0-301F-11D3-BF4B-00C04F79EFBC}") = "Identity.Core", "Identity\Identity.Core\Identity.Core.csproj", "{D59824CA-B55C-4D45-B485-771B31FE7575}"
EndProject
Project("{FAE04EC0-301F-11D3-BF4B-00C04F79EFBC}") = "Identity.Infrastructure", "Identity\Identity.Infrastructure\Identity.Infrastructure.csproj", "{8A878DED-CC16-4D59-BFFD-C05F7EC26BDC}"
EndProject
Project("{FAE04EC0-301F-11D3-BF4B-00C04F79EFBC}") = "Identity.Endpoints", "Identity\Identity.Endpoints\Identity.Endpoints.csproj", "{CE91E947-D5FA-499A-BB28-373CB8209813}"
EndProject
Project("{2150E333-8FDC-42A3-9474-1A3956D46DE8}") = "Auditing", "Auditing", "{E5141F38-2D08-44DA-9A6C-B96890515168}"
EndProject
Project("{FAE04EC0-301F-11D3-BF4B-00C04F79EFBC}") = "Auditing.Core", "Auditing\Auditing.Core\Auditing.Core.csproj", "{0B7E4D65-D608-48D4-BBB4-340A6DAE88B2}"
EndProject
Project("{FAE04EC0-301F-11D3-BF4B-00C04F79EFBC}") = "Auditing.Infrastructure", "Auditing\Auditing.Infrastructure\Auditing.Infrastructure.csproj", "{C3B569BA-0E98-41FB-8BC8-AC88A5ADE786}"
EndProject
Project("{FAE04EC0-301F-11D3-BF4B-00C04F79EFBC}") = "Auditing.Endpoints", "Auditing\Auditing.Endpoints\Auditing.Endpoints.csproj", "{C8DCA061-E4D6-414F-9053-0723B6764D71}"
EndProject
Project("{FAE04EC0-301F-11D3-BF4B-00C04F79EFBC}") = "Shared", "Shared\Shared.csproj", "{09380C15-F138-4305-A595-F4C7E16B6E78}"
EndProject
Global
	GlobalSection(SolutionConfigurationPlatforms) = preSolution
		Debug|Any CPU = Debug|Any CPU
		Release|Any CPU = Release|Any CPU
	EndGlobalSection
	GlobalSection(ProjectConfigurationPlatforms) = postSolution
		{9DAFE9BE-B4A7-422E-988C-5CB1A94DFC45}.Debug|Any CPU.ActiveCfg = Debug|Any CPU
		{9DAFE9BE-B4A7-422E-988C-5CB1A94DFC45}.Debug|Any CPU.Build.0 = Debug|Any CPU
		{9DAFE9BE-B4A7-422E-988C-5CB1A94DFC45}.Release|Any CPU.ActiveCfg = Release|Any CPU
		{9DAFE9BE-B4A7-422E-988C-5CB1A94DFC45}.Release|Any CPU.Build.0 = Release|Any CPU
		{60DF219E-E1EB-428E-BB1F-F0342D42699F}.Debug|Any CPU.ActiveCfg = Debug|Any CPU
		{60DF219E-E1EB-428E-BB1F-F0342D42699F}.Debug|Any CPU.Build.0 = Debug|Any CPU
		{60DF219E-E1EB-428E-BB1F-F0342D42699F}.Release|Any CPU.ActiveCfg = Release|Any CPU
		{60DF219E-E1EB-428E-BB1F-F0342D42699F}.Release|Any CPU.Build.0 = Release|Any CPU
		{63773336-64B9-4A55-B1EA-EEF18BDF73D9}.Debug|Any CPU.ActiveCfg = Debug|Any CPU
		{63773336-64B9-4A55-B1EA-EEF18BDF73D9}.Debug|Any CPU.Build.0 = Debug|Any CPU
		{63773336-64B9-4A55-B1EA-EEF18BDF73D9}.Release|Any CPU.ActiveCfg = Release|Any CPU
		{63773336-64B9-4A55-B1EA-EEF18BDF73D9}.Release|Any CPU.Build.0 = Release|Any CPU
		{D59824CA-B55C-4D45-B485-771B31FE7575}.Debug|Any CPU.ActiveCfg = Debug|Any CPU
		{D59824CA-B55C-4D45-B485-771B31FE7575}.Debug|Any CPU.Build.0 = Debug|Any CPU
		{D59824CA-B55C-4D45-B485-771B31FE7575}.Release|Any CPU.ActiveCfg = Release|Any CPU
		{D59824CA-B55C-4D45-B485-771B31FE7575}.Release|Any CPU.Build.0 = Release|Any CPU
		{8A878DED-CC16-4D59-BFFD-C05F7EC26BDC}.Debug|Any CPU.ActiveCfg = Debug|Any CPU
		{8A878DED-CC16-4D59-BFFD-C05F7EC26BDC}.Debug|Any CPU.Build.0 = Debug|Any CPU
		{8A878DED-CC16-4D59-BFFD-C05F7EC26BDC}.Release|Any CPU.ActiveCfg = Release|Any CPU
		{8A878DED-CC16-4D59-BFFD-C05F7EC26BDC}.Release|Any CPU.Build.0 = Release|Any CPU
		{CE91E947-D5FA-499A-BB28-373CB8209813}.Debug|Any CPU.ActiveCfg = Debug|Any CPU
		{CE91E947-D5FA-499A-BB28-373CB8209813}.Debug|Any CPU.Build.0 = Debug|Any CPU
		{CE91E947-D5FA-499A-BB28-373CB8209813}.Release|Any CPU.ActiveCfg = Release|Any CPU
		{CE91E947-D5FA-499A-BB28-373CB8209813}.Release|Any CPU.Build.0 = Release|Any CPU
		{0B7E4D65-D608-48D4-BBB4-340A6DAE88B2}.Debug|Any CPU.ActiveCfg = Debug|Any CPU
		{0B7E4D65-D608-48D4-BBB4-340A6DAE88B2}.Debug|Any CPU.Build.0 = Debug|Any CPU
		{0B7E4D65-D608-48D4-BBB4-340A6DAE88B2}.Release|Any CPU.ActiveCfg = Release|Any CPU
		{0B7E4D65-D608-48D4-BBB4-340A6DAE88B2}.Release|Any CPU.Build.0 = Release|Any CPU
		{C3B569BA-0E98-41FB-8BC8-AC88A5ADE786}.Debug|Any CPU.ActiveCfg = Debug|Any CPU
		{C3B569BA-0E98-41FB-8BC8-AC88A5ADE786}.Debug|Any CPU.Build.0 = Debug|Any CPU
		{C3B569BA-0E98-41FB-8BC8-AC88A5ADE786}.Release|Any CPU.ActiveCfg = Release|Any CPU
		{C3B569BA-0E98-41FB-8BC8-AC88A5ADE786}.Release|Any CPU.Build.0 = Release|Any CPU
		{C8DCA061-E4D6-414F-9053-0723B6764D71}.Debug|Any CPU.ActiveCfg = Debug|Any CPU
		{C8DCA061-E4D6-414F-9053-0723B6764D71}.Debug|Any CPU.Build.0 = Debug|Any CPU
		{C8DCA061-E4D6-414F-9053-0723B6764D71}.Release|Any CPU.ActiveCfg = Release|Any CPU
		{C8DCA061-E4D6-414F-9053-0723B6764D71}.Release|Any CPU.Build.0 = Release|Any CPU
		{09380C15-F138-4305-A595-F4C7E16B6E78}.Debug|Any CPU.ActiveCfg = Debug|Any CPU
		{09380C15-F138-4305-A595-F4C7E16B6E78}.Debug|Any CPU.Build.0 = Debug|Any CPU
		{09380C15-F138-4305-A595-F4C7E16B6E78}.Release|Any CPU.ActiveCfg = Release|Any CPU
		{09380C15-F138-4305-A595-F4C7E16B6E78}.Release|Any CPU.Build.0 = Release|Any CPU
	EndGlobalSection
	GlobalSection(SolutionProperties) = preSolution
		HideSolutionNode = FALSE
	EndGlobalSection
	GlobalSection(NestedProjects) = preSolution
		{D59824CA-B55C-4D45-B485-771B31FE7575} = {15EA2212-0958-4415-AA37-116F2A47F23F}
		{8A878DED-CC16-4D59-BFFD-C05F7EC26BDC} = {15EA2212-0958-4415-AA37-116F2A47F23F}
		{CE91E947-D5FA-499A-BB28-373CB8209813} = {15EA2212-0958-4415-AA37-116F2A47F23F}
		{0B7E4D65-D608-48D4-BBB4-340A6DAE88B2} = {E5141F38-2D08-44DA-9A6C-B96890515168}
		{C3B569BA-0E98-41FB-8BC8-AC88A5ADE786} = {E5141F38-2D08-44DA-9A6C-B96890515168}
		{C8DCA061-E4D6-414F-9053-0723B6764D71} = {E5141F38-2D08-44DA-9A6C-B96890515168}
	EndGlobalSection
EndGlobal
