
Microsoft Visual Studio Solution File, Format Version 12.00
# Visual Studio Version 17
VisualStudioVersion = 17.8.34330.188
MinimumVisualStudioVersion = 10.0.40219.1
Project("{FAE04EC0-301F-11D3-BF4B-00C04F79EFBC}") = "FSH.Blazor", "FSH.Blazor\FSH.Blazor\FSH.Blazor.csproj", "{92979F60-297C-4ED5-85A7-22D5F796AC7E}"
EndProject
Project("{FAE04EC0-301F-11D3-BF4B-00C04F79EFBC}") = "FSH.Blazor.Client", "FSH.Blazor\FSH.Blazor.Client\FSH.Blazor.Client.csproj", "{D734EC7A-0276-45EF-86EF-2A66A2109176}"
EndProject
Global
	GlobalSection(SolutionConfigurationPlatforms) = preSolution
		Debug|Any CPU = Debug|Any CPU
		Release|Any CPU = Release|Any CPU
	EndGlobalSection
	GlobalSection(ProjectConfigurationPlatforms) = postSolution
		{92979F60-297C-4ED5-85A7-22D5F796AC7E}.Debug|Any CPU.ActiveCfg = Debug|Any CPU
		{92979F60-297C-4ED5-85A7-22D5F796AC7E}.Debug|Any CPU.Build.0 = Debug|Any CPU
		{92979F60-297C-4ED5-85A7-22D5F796AC7E}.Release|Any CPU.ActiveCfg = Release|Any CPU
		{92979F60-297C-4ED5-85A7-22D5F796AC7E}.Release|Any CPU.Build.0 = Release|Any CPU
		{D734EC7A-0276-45EF-86EF-2A66A2109176}.Debug|Any CPU.ActiveCfg = Debug|Any CPU
		{D734EC7A-0276-45EF-86EF-2A66A2109176}.Debug|Any CPU.Build.0 = Debug|Any CPU
		{D734EC7A-0276-45EF-86EF-2A66A2109176}.Release|Any CPU.ActiveCfg = Release|Any CPU
		{D734EC7A-0276-45EF-86EF-2A66A2109176}.Release|Any CPU.Build.0 = Release|Any CPU
	EndGlobalSection
	GlobalSection(SolutionProperties) = preSolution
		HideSolutionNode = FALSE
	EndGlobalSection
	GlobalSection(ExtensibilityGlobals) = postSolution
		SolutionGuid = {29E2624B-83AB-4A25-A46C-3E43B46328D6}
	EndGlobalSection
EndGlobal
