
Microsoft Visual Studio Solution File, Format Version 12.00
# Visual Studio Version 17
VisualStudioVersion = 17.0.31903.59
MinimumVisualStudioVersion = 10.0.40219.1
Project("{2150E333-8FDC-42A3-9474-1A3956D46DE8}") = "Modules", "Modules", "{F3DF5AC5-8CDC-46D4-969D-1245A6880215}"
EndProject
Project("{2150E333-8FDC-42A3-9474-1A3956D46DE8}") = "Solution Items", "Solution Items", "{A32CEFB3-4E50-401E-8835-787534414F41}"
	ProjectSection(SolutionItems) = preProject
		.editorconfig = .editorconfig
		Directory.Build.props = Directory.Build.props
		Directory.Packages.props = Directory.Packages.props
		README.md = README.md
	EndProjectSection
EndProject
Project("{2150E333-8FDC-42A3-9474-1A3956D46DE8}") = "Catalog", "Catalog", "{93324D12-DE1B-4C1B-934A-92AA140FF6F6}"
EndProject
Project("{2150E333-8FDC-42A3-9474-1A3956D46DE8}") = "Todo", "Todo", "{79981A5A-207A-4A16-A21B-5E80394082F6}"
EndProject
Project("{2150E333-8FDC-42A3-9474-1A3956D46DE8}") = "_Framework", "_Framework", "{05248A38-0F34-4E59-A3D1-B07097987AFB}"
EndProject
Project("{2150E333-8FDC-42A3-9474-1A3956D46DE8}") = "Shared", "Shared", "{32F5383E-4201-4527-98DB-40715BB9F574}"
EndProject
Project("{2150E333-8FDC-42A3-9474-1A3956D46DE8}") = "Migrations", "Migrations", "{12F8343D-20A6-4E24-B0F5-3A66F2228CF6}"
EndProject
Project("{2150E333-8FDC-42A3-9474-1A3956D46DE8}") = "WebApi", "WebApi", "{CE64E92B-E088-46FB-9028-7FB6B67DEC55}"
EndProject
Project("{2150E333-8FDC-42A3-9474-1A3956D46DE8}") = "Blazor", "Blazor", "{2B1F75CE-07A6-4C19-A2E3-F9E062CFDDFB}"
EndProject
Project("{9A19103F-16F7-4668-BE54-9A1E7A4F7556}") = "Infrastructure", "api\framework\Infrastructure\Infrastructure.csproj", "{294D6FF8-9379-4AB8-A203-8D0CC85FBFBB}"
EndProject
Project("{9A19103F-16F7-4668-BE54-9A1E7A4F7556}") = "Core", "api\framework\Core\Core.csproj", "{A1D828E4-6B83-4BA2-B8E9-B21CE3BE8A31}"
EndProject
Project("{9A19103F-16F7-4668-BE54-9A1E7A4F7556}") = "Server", "api\server\Server.csproj", "{86BD3DF6-A3E9-4839-8036-813A20DC8AD6}"
EndProject
Project("{9A19103F-16F7-4668-BE54-9A1E7A4F7556}") = "MSSQL", "api\migrations\MSSQL\MSSQL.csproj", "{ECCEA352-8953-49D6-8F87-8AB361499420}"
EndProject
Project("{9A19103F-16F7-4668-BE54-9A1E7A4F7556}") = "PostgreSQL", "api\migrations\PostgreSQL\PostgreSQL.csproj", "{D64AD07C-A711-42D8-8653-EDCD7A825A44}"
EndProject
Project("{9A19103F-16F7-4668-BE54-9A1E7A4F7556}") = "Shared", "api\modules\Shared\Shared.csproj", "{E54C7411-6CB4-4AE7-B583-4E669C3C0059}"
EndProject
Project("{9A19103F-16F7-4668-BE54-9A1E7A4F7556}") = "Todo", "api\modules\Todo\Todo.csproj", "{B3866EEF-8F46-4302-ABAC-A95EE2F27331}"
EndProject
Project("{9A19103F-16F7-4668-BE54-9A1E7A4F7556}") = "Catalog.Application", "api\modules\Catalog\Catalog.Application\Catalog.Application.csproj", "{8C7DAF8E-F792-4092-8BBF-31A6B898B39A}"
EndProject
Project("{9A19103F-16F7-4668-BE54-9A1E7A4F7556}") = "Catalog.Domain", "api\modules\Catalog\Catalog.Domain\Catalog.Domain.csproj", "{B15705B5-041C-4F1E-8342-AD03182EDD42}"
EndProject
Project("{9A19103F-16F7-4668-BE54-9A1E7A4F7556}") = "Catalog.Infrastructure", "api\modules\Catalog\Catalog.Infrastructure\Catalog.Infrastructure.csproj", "{89FE1C3B-29D3-48A8-8E7D-90C261D266C5}"
EndProject
Project("{9A19103F-16F7-4668-BE54-9A1E7A4F7556}") = "Client", "apps\blazor\client\Client.csproj", "{BCE4A428-8B97-4B56-AE45-496EE3906667}"
EndProject
Project("{9A19103F-16F7-4668-BE54-9A1E7A4F7556}") = "Infrastructure", "apps\blazor\infrastructure\Infrastructure.csproj", "{27BEF279-AE73-43DC-92A9-FD7021A999D0}"
EndProject
Project("{9A19103F-16F7-4668-BE54-9A1E7A4F7556}") = "Shared", "apps\blazor\shared\Shared.csproj", "{34359707-CE66-4DF0-9EF4-D7544B615564}"
EndProject
Project("{2150E333-8FDC-42A3-9474-1A3956D46DE8}") = "Aspire", "Aspire", "{D36E77BC-4568-4BC8-9506-1EFB7B1CD335}"
EndProject
Project("{9A19103F-16F7-4668-BE54-9A1E7A4F7556}") = "ServiceDefaults", "aspire\service-defaults\ServiceDefaults.csproj", "{990CA37A-86D3-4FE6-B777-3CF0DDAC6BF6}"
EndProject
Project("{9A19103F-16F7-4668-BE54-9A1E7A4F7556}") = "Host", "aspire\host\Host.csproj", "{2119CE89-308D-4932-BFCE-8CDC0A05EB9E}"
EndProject
Global
	GlobalSection(SolutionConfigurationPlatforms) = preSolution
		Debug|Any CPU = Debug|Any CPU
		Debug|x64 = Debug|x64
		Debug|x86 = Debug|x86
		Release|Any CPU = Release|Any CPU
		Release|x64 = Release|x64
		Release|x86 = Release|x86
	EndGlobalSection
	GlobalSection(ProjectConfigurationPlatforms) = postSolution
		{294D6FF8-9379-4AB8-A203-8D0CC85FBFBB}.Debug|Any CPU.ActiveCfg = Debug|Any CPU
		{294D6FF8-9379-4AB8-A203-8D0CC85FBFBB}.Debug|Any CPU.Build.0 = Debug|Any CPU
		{294D6FF8-9379-4AB8-A203-8D0CC85FBFBB}.Debug|x64.ActiveCfg = Debug|Any CPU
		{294D6FF8-9379-4AB8-A203-8D0CC85FBFBB}.Debug|x64.Build.0 = Debug|Any CPU
		{294D6FF8-9379-4AB8-A203-8D0CC85FBFBB}.Debug|x86.ActiveCfg = Debug|Any CPU
		{294D6FF8-9379-4AB8-A203-8D0CC85FBFBB}.Debug|x86.Build.0 = Debug|Any CPU
		{294D6FF8-9379-4AB8-A203-8D0CC85FBFBB}.Release|Any CPU.ActiveCfg = Release|Any CPU
		{294D6FF8-9379-4AB8-A203-8D0CC85FBFBB}.Release|Any CPU.Build.0 = Release|Any CPU
		{294D6FF8-9379-4AB8-A203-8D0CC85FBFBB}.Release|x64.ActiveCfg = Release|Any CPU
		{294D6FF8-9379-4AB8-A203-8D0CC85FBFBB}.Release|x64.Build.0 = Release|Any CPU
		{294D6FF8-9379-4AB8-A203-8D0CC85FBFBB}.Release|x86.ActiveCfg = Release|Any CPU
		{294D6FF8-9379-4AB8-A203-8D0CC85FBFBB}.Release|x86.Build.0 = Release|Any CPU
		{A1D828E4-6B83-4BA2-B8E9-B21CE3BE8A31}.Debug|Any CPU.ActiveCfg = Debug|Any CPU
		{A1D828E4-6B83-4BA2-B8E9-B21CE3BE8A31}.Debug|Any CPU.Build.0 = Debug|Any CPU
		{A1D828E4-6B83-4BA2-B8E9-B21CE3BE8A31}.Debug|x64.ActiveCfg = Debug|Any CPU
		{A1D828E4-6B83-4BA2-B8E9-B21CE3BE8A31}.Debug|x64.Build.0 = Debug|Any CPU
		{A1D828E4-6B83-4BA2-B8E9-B21CE3BE8A31}.Debug|x86.ActiveCfg = Debug|Any CPU
		{A1D828E4-6B83-4BA2-B8E9-B21CE3BE8A31}.Debug|x86.Build.0 = Debug|Any CPU
		{A1D828E4-6B83-4BA2-B8E9-B21CE3BE8A31}.Release|Any CPU.ActiveCfg = Release|Any CPU
		{A1D828E4-6B83-4BA2-B8E9-B21CE3BE8A31}.Release|Any CPU.Build.0 = Release|Any CPU
		{A1D828E4-6B83-4BA2-B8E9-B21CE3BE8A31}.Release|x64.ActiveCfg = Release|Any CPU
		{A1D828E4-6B83-4BA2-B8E9-B21CE3BE8A31}.Release|x64.Build.0 = Release|Any CPU
		{A1D828E4-6B83-4BA2-B8E9-B21CE3BE8A31}.Release|x86.ActiveCfg = Release|Any CPU
		{A1D828E4-6B83-4BA2-B8E9-B21CE3BE8A31}.Release|x86.Build.0 = Release|Any CPU
		{86BD3DF6-A3E9-4839-8036-813A20DC8AD6}.Debug|Any CPU.ActiveCfg = Debug|Any CPU
		{86BD3DF6-A3E9-4839-8036-813A20DC8AD6}.Debug|Any CPU.Build.0 = Debug|Any CPU
		{86BD3DF6-A3E9-4839-8036-813A20DC8AD6}.Debug|x64.ActiveCfg = Debug|Any CPU
		{86BD3DF6-A3E9-4839-8036-813A20DC8AD6}.Debug|x64.Build.0 = Debug|Any CPU
		{86BD3DF6-A3E9-4839-8036-813A20DC8AD6}.Debug|x86.ActiveCfg = Debug|Any CPU
		{86BD3DF6-A3E9-4839-8036-813A20DC8AD6}.Debug|x86.Build.0 = Debug|Any CPU
		{86BD3DF6-A3E9-4839-8036-813A20DC8AD6}.Release|Any CPU.ActiveCfg = Release|Any CPU
		{86BD3DF6-A3E9-4839-8036-813A20DC8AD6}.Release|Any CPU.Build.0 = Release|Any CPU
		{86BD3DF6-A3E9-4839-8036-813A20DC8AD6}.Release|x64.ActiveCfg = Release|Any CPU
		{86BD3DF6-A3E9-4839-8036-813A20DC8AD6}.Release|x64.Build.0 = Release|Any CPU
		{86BD3DF6-A3E9-4839-8036-813A20DC8AD6}.Release|x86.ActiveCfg = Release|Any CPU
		{86BD3DF6-A3E9-4839-8036-813A20DC8AD6}.Release|x86.Build.0 = Release|Any CPU
		{ECCEA352-8953-49D6-8F87-8AB361499420}.Debug|Any CPU.ActiveCfg = Debug|Any CPU
		{ECCEA352-8953-49D6-8F87-8AB361499420}.Debug|Any CPU.Build.0 = Debug|Any CPU
		{ECCEA352-8953-49D6-8F87-8AB361499420}.Debug|x64.ActiveCfg = Debug|Any CPU
		{ECCEA352-8953-49D6-8F87-8AB361499420}.Debug|x64.Build.0 = Debug|Any CPU
		{ECCEA352-8953-49D6-8F87-8AB361499420}.Debug|x86.ActiveCfg = Debug|Any CPU
		{ECCEA352-8953-49D6-8F87-8AB361499420}.Debug|x86.Build.0 = Debug|Any CPU
		{ECCEA352-8953-49D6-8F87-8AB361499420}.Release|Any CPU.ActiveCfg = Release|Any CPU
		{ECCEA352-8953-49D6-8F87-8AB361499420}.Release|Any CPU.Build.0 = Release|Any CPU
		{ECCEA352-8953-49D6-8F87-8AB361499420}.Release|x64.ActiveCfg = Release|Any CPU
		{ECCEA352-8953-49D6-8F87-8AB361499420}.Release|x64.Build.0 = Release|Any CPU
		{ECCEA352-8953-49D6-8F87-8AB361499420}.Release|x86.ActiveCfg = Release|Any CPU
		{ECCEA352-8953-49D6-8F87-8AB361499420}.Release|x86.Build.0 = Release|Any CPU
		{D64AD07C-A711-42D8-8653-EDCD7A825A44}.Debug|Any CPU.ActiveCfg = Debug|Any CPU
		{D64AD07C-A711-42D8-8653-EDCD7A825A44}.Debug|Any CPU.Build.0 = Debug|Any CPU
		{D64AD07C-A711-42D8-8653-EDCD7A825A44}.Debug|x64.ActiveCfg = Debug|Any CPU
		{D64AD07C-A711-42D8-8653-EDCD7A825A44}.Debug|x64.Build.0 = Debug|Any CPU
		{D64AD07C-A711-42D8-8653-EDCD7A825A44}.Debug|x86.ActiveCfg = Debug|Any CPU
		{D64AD07C-A711-42D8-8653-EDCD7A825A44}.Debug|x86.Build.0 = Debug|Any CPU
		{D64AD07C-A711-42D8-8653-EDCD7A825A44}.Release|Any CPU.ActiveCfg = Release|Any CPU
		{D64AD07C-A711-42D8-8653-EDCD7A825A44}.Release|Any CPU.Build.0 = Release|Any CPU
		{D64AD07C-A711-42D8-8653-EDCD7A825A44}.Release|x64.ActiveCfg = Release|Any CPU
		{D64AD07C-A711-42D8-8653-EDCD7A825A44}.Release|x64.Build.0 = Release|Any CPU
		{D64AD07C-A711-42D8-8653-EDCD7A825A44}.Release|x86.ActiveCfg = Release|Any CPU
		{D64AD07C-A711-42D8-8653-EDCD7A825A44}.Release|x86.Build.0 = Release|Any CPU
		{E54C7411-6CB4-4AE7-B583-4E669C3C0059}.Debug|Any CPU.ActiveCfg = Debug|Any CPU
		{E54C7411-6CB4-4AE7-B583-4E669C3C0059}.Debug|Any CPU.Build.0 = Debug|Any CPU
		{E54C7411-6CB4-4AE7-B583-4E669C3C0059}.Debug|x64.ActiveCfg = Debug|Any CPU
		{E54C7411-6CB4-4AE7-B583-4E669C3C0059}.Debug|x64.Build.0 = Debug|Any CPU
		{E54C7411-6CB4-4AE7-B583-4E669C3C0059}.Debug|x86.ActiveCfg = Debug|Any CPU
		{E54C7411-6CB4-4AE7-B583-4E669C3C0059}.Debug|x86.Build.0 = Debug|Any CPU
		{E54C7411-6CB4-4AE7-B583-4E669C3C0059}.Release|Any CPU.ActiveCfg = Release|Any CPU
		{E54C7411-6CB4-4AE7-B583-4E669C3C0059}.Release|Any CPU.Build.0 = Release|Any CPU
		{E54C7411-6CB4-4AE7-B583-4E669C3C0059}.Release|x64.ActiveCfg = Release|Any CPU
		{E54C7411-6CB4-4AE7-B583-4E669C3C0059}.Release|x64.Build.0 = Release|Any CPU
		{E54C7411-6CB4-4AE7-B583-4E669C3C0059}.Release|x86.ActiveCfg = Release|Any CPU
		{E54C7411-6CB4-4AE7-B583-4E669C3C0059}.Release|x86.Build.0 = Release|Any CPU
		{B3866EEF-8F46-4302-ABAC-A95EE2F27331}.Debug|Any CPU.ActiveCfg = Debug|Any CPU
		{B3866EEF-8F46-4302-ABAC-A95EE2F27331}.Debug|Any CPU.Build.0 = Debug|Any CPU
		{B3866EEF-8F46-4302-ABAC-A95EE2F27331}.Debug|x64.ActiveCfg = Debug|Any CPU
		{B3866EEF-8F46-4302-ABAC-A95EE2F27331}.Debug|x64.Build.0 = Debug|Any CPU
		{B3866EEF-8F46-4302-ABAC-A95EE2F27331}.Debug|x86.ActiveCfg = Debug|Any CPU
		{B3866EEF-8F46-4302-ABAC-A95EE2F27331}.Debug|x86.Build.0 = Debug|Any CPU
		{B3866EEF-8F46-4302-ABAC-A95EE2F27331}.Release|Any CPU.ActiveCfg = Release|Any CPU
		{B3866EEF-8F46-4302-ABAC-A95EE2F27331}.Release|Any CPU.Build.0 = Release|Any CPU
		{B3866EEF-8F46-4302-ABAC-A95EE2F27331}.Release|x64.ActiveCfg = Release|Any CPU
		{B3866EEF-8F46-4302-ABAC-A95EE2F27331}.Release|x64.Build.0 = Release|Any CPU
		{B3866EEF-8F46-4302-ABAC-A95EE2F27331}.Release|x86.ActiveCfg = Release|Any CPU
		{B3866EEF-8F46-4302-ABAC-A95EE2F27331}.Release|x86.Build.0 = Release|Any CPU
		{8C7DAF8E-F792-4092-8BBF-31A6B898B39A}.Debug|Any CPU.ActiveCfg = Debug|Any CPU
		{8C7DAF8E-F792-4092-8BBF-31A6B898B39A}.Debug|Any CPU.Build.0 = Debug|Any CPU
		{8C7DAF8E-F792-4092-8BBF-31A6B898B39A}.Debug|x64.ActiveCfg = Debug|Any CPU
		{8C7DAF8E-F792-4092-8BBF-31A6B898B39A}.Debug|x64.Build.0 = Debug|Any CPU
		{8C7DAF8E-F792-4092-8BBF-31A6B898B39A}.Debug|x86.ActiveCfg = Debug|Any CPU
		{8C7DAF8E-F792-4092-8BBF-31A6B898B39A}.Debug|x86.Build.0 = Debug|Any CPU
		{8C7DAF8E-F792-4092-8BBF-31A6B898B39A}.Release|Any CPU.ActiveCfg = Release|Any CPU
		{8C7DAF8E-F792-4092-8BBF-31A6B898B39A}.Release|Any CPU.Build.0 = Release|Any CPU
		{8C7DAF8E-F792-4092-8BBF-31A6B898B39A}.Release|x64.ActiveCfg = Release|Any CPU
		{8C7DAF8E-F792-4092-8BBF-31A6B898B39A}.Release|x64.Build.0 = Release|Any CPU
		{8C7DAF8E-F792-4092-8BBF-31A6B898B39A}.Release|x86.ActiveCfg = Release|Any CPU
		{8C7DAF8E-F792-4092-8BBF-31A6B898B39A}.Release|x86.Build.0 = Release|Any CPU
		{B15705B5-041C-4F1E-8342-AD03182EDD42}.Debug|Any CPU.ActiveCfg = Debug|Any CPU
		{B15705B5-041C-4F1E-8342-AD03182EDD42}.Debug|Any CPU.Build.0 = Debug|Any CPU
		{B15705B5-041C-4F1E-8342-AD03182EDD42}.Debug|x64.ActiveCfg = Debug|Any CPU
		{B15705B5-041C-4F1E-8342-AD03182EDD42}.Debug|x64.Build.0 = Debug|Any CPU
		{B15705B5-041C-4F1E-8342-AD03182EDD42}.Debug|x86.ActiveCfg = Debug|Any CPU
		{B15705B5-041C-4F1E-8342-AD03182EDD42}.Debug|x86.Build.0 = Debug|Any CPU
		{B15705B5-041C-4F1E-8342-AD03182EDD42}.Release|Any CPU.ActiveCfg = Release|Any CPU
		{B15705B5-041C-4F1E-8342-AD03182EDD42}.Release|Any CPU.Build.0 = Release|Any CPU
		{B15705B5-041C-4F1E-8342-AD03182EDD42}.Release|x64.ActiveCfg = Release|Any CPU
		{B15705B5-041C-4F1E-8342-AD03182EDD42}.Release|x64.Build.0 = Release|Any CPU
		{B15705B5-041C-4F1E-8342-AD03182EDD42}.Release|x86.ActiveCfg = Release|Any CPU
		{B15705B5-041C-4F1E-8342-AD03182EDD42}.Release|x86.Build.0 = Release|Any CPU
		{89FE1C3B-29D3-48A8-8E7D-90C261D266C5}.Debug|Any CPU.ActiveCfg = Debug|Any CPU
		{89FE1C3B-29D3-48A8-8E7D-90C261D266C5}.Debug|Any CPU.Build.0 = Debug|Any CPU
		{89FE1C3B-29D3-48A8-8E7D-90C261D266C5}.Debug|x64.ActiveCfg = Debug|Any CPU
		{89FE1C3B-29D3-48A8-8E7D-90C261D266C5}.Debug|x64.Build.0 = Debug|Any CPU
		{89FE1C3B-29D3-48A8-8E7D-90C261D266C5}.Debug|x86.ActiveCfg = Debug|Any CPU
		{89FE1C3B-29D3-48A8-8E7D-90C261D266C5}.Debug|x86.Build.0 = Debug|Any CPU
		{89FE1C3B-29D3-48A8-8E7D-90C261D266C5}.Release|Any CPU.ActiveCfg = Release|Any CPU
		{89FE1C3B-29D3-48A8-8E7D-90C261D266C5}.Release|Any CPU.Build.0 = Release|Any CPU
		{89FE1C3B-29D3-48A8-8E7D-90C261D266C5}.Release|x64.ActiveCfg = Release|Any CPU
		{89FE1C3B-29D3-48A8-8E7D-90C261D266C5}.Release|x64.Build.0 = Release|Any CPU
		{89FE1C3B-29D3-48A8-8E7D-90C261D266C5}.Release|x86.ActiveCfg = Release|Any CPU
		{89FE1C3B-29D3-48A8-8E7D-90C261D266C5}.Release|x86.Build.0 = Release|Any CPU
		{BCE4A428-8B97-4B56-AE45-496EE3906667}.Debug|Any CPU.ActiveCfg = Debug|Any CPU
		{BCE4A428-8B97-4B56-AE45-496EE3906667}.Debug|Any CPU.Build.0 = Debug|Any CPU
		{BCE4A428-8B97-4B56-AE45-496EE3906667}.Debug|x64.ActiveCfg = Debug|Any CPU
		{BCE4A428-8B97-4B56-AE45-496EE3906667}.Debug|x64.Build.0 = Debug|Any CPU
		{BCE4A428-8B97-4B56-AE45-496EE3906667}.Debug|x86.ActiveCfg = Debug|Any CPU
		{BCE4A428-8B97-4B56-AE45-496EE3906667}.Debug|x86.Build.0 = Debug|Any CPU
		{BCE4A428-8B97-4B56-AE45-496EE3906667}.Release|Any CPU.ActiveCfg = Release|Any CPU
		{BCE4A428-8B97-4B56-AE45-496EE3906667}.Release|Any CPU.Build.0 = Release|Any CPU
		{BCE4A428-8B97-4B56-AE45-496EE3906667}.Release|x64.ActiveCfg = Release|Any CPU
		{BCE4A428-8B97-4B56-AE45-496EE3906667}.Release|x64.Build.0 = Release|Any CPU
		{BCE4A428-8B97-4B56-AE45-496EE3906667}.Release|x86.ActiveCfg = Release|Any CPU
		{BCE4A428-8B97-4B56-AE45-496EE3906667}.Release|x86.Build.0 = Release|Any CPU
		{27BEF279-AE73-43DC-92A9-FD7021A999D0}.Debug|Any CPU.ActiveCfg = Debug|Any CPU
		{27BEF279-AE73-43DC-92A9-FD7021A999D0}.Debug|Any CPU.Build.0 = Debug|Any CPU
		{27BEF279-AE73-43DC-92A9-FD7021A999D0}.Debug|x64.ActiveCfg = Debug|Any CPU
		{27BEF279-AE73-43DC-92A9-FD7021A999D0}.Debug|x64.Build.0 = Debug|Any CPU
		{27BEF279-AE73-43DC-92A9-FD7021A999D0}.Debug|x86.ActiveCfg = Debug|Any CPU
		{27BEF279-AE73-43DC-92A9-FD7021A999D0}.Debug|x86.Build.0 = Debug|Any CPU
		{27BEF279-AE73-43DC-92A9-FD7021A999D0}.Release|Any CPU.ActiveCfg = Release|Any CPU
		{27BEF279-AE73-43DC-92A9-FD7021A999D0}.Release|Any CPU.Build.0 = Release|Any CPU
		{27BEF279-AE73-43DC-92A9-FD7021A999D0}.Release|x64.ActiveCfg = Release|Any CPU
		{27BEF279-AE73-43DC-92A9-FD7021A999D0}.Release|x64.Build.0 = Release|Any CPU
		{27BEF279-AE73-43DC-92A9-FD7021A999D0}.Release|x86.ActiveCfg = Release|Any CPU
		{27BEF279-AE73-43DC-92A9-FD7021A999D0}.Release|x86.Build.0 = Release|Any CPU
		{34359707-CE66-4DF0-9EF4-D7544B615564}.Debug|Any CPU.ActiveCfg = Debug|Any CPU
		{34359707-CE66-4DF0-9EF4-D7544B615564}.Debug|Any CPU.Build.0 = Debug|Any CPU
		{34359707-CE66-4DF0-9EF4-D7544B615564}.Debug|x64.ActiveCfg = Debug|Any CPU
		{34359707-CE66-4DF0-9EF4-D7544B615564}.Debug|x64.Build.0 = Debug|Any CPU
		{34359707-CE66-4DF0-9EF4-D7544B615564}.Debug|x86.ActiveCfg = Debug|Any CPU
		{34359707-CE66-4DF0-9EF4-D7544B615564}.Debug|x86.Build.0 = Debug|Any CPU
		{34359707-CE66-4DF0-9EF4-D7544B615564}.Release|Any CPU.ActiveCfg = Release|Any CPU
		{34359707-CE66-4DF0-9EF4-D7544B615564}.Release|Any CPU.Build.0 = Release|Any CPU
		{34359707-CE66-4DF0-9EF4-D7544B615564}.Release|x64.ActiveCfg = Release|Any CPU
		{34359707-CE66-4DF0-9EF4-D7544B615564}.Release|x64.Build.0 = Release|Any CPU
		{34359707-CE66-4DF0-9EF4-D7544B615564}.Release|x86.ActiveCfg = Release|Any CPU
		{34359707-CE66-4DF0-9EF4-D7544B615564}.Release|x86.Build.0 = Release|Any CPU
		{990CA37A-86D3-4FE6-B777-3CF0DDAC6BF6}.Debug|Any CPU.ActiveCfg = Debug|Any CPU
		{990CA37A-86D3-4FE6-B777-3CF0DDAC6BF6}.Debug|Any CPU.Build.0 = Debug|Any CPU
		{990CA37A-86D3-4FE6-B777-3CF0DDAC6BF6}.Debug|x64.ActiveCfg = Debug|Any CPU
		{990CA37A-86D3-4FE6-B777-3CF0DDAC6BF6}.Debug|x64.Build.0 = Debug|Any CPU
		{990CA37A-86D3-4FE6-B777-3CF0DDAC6BF6}.Debug|x86.ActiveCfg = Debug|Any CPU
		{990CA37A-86D3-4FE6-B777-3CF0DDAC6BF6}.Debug|x86.Build.0 = Debug|Any CPU
		{990CA37A-86D3-4FE6-B777-3CF0DDAC6BF6}.Release|Any CPU.ActiveCfg = Release|Any CPU
		{990CA37A-86D3-4FE6-B777-3CF0DDAC6BF6}.Release|Any CPU.Build.0 = Release|Any CPU
		{990CA37A-86D3-4FE6-B777-3CF0DDAC6BF6}.Release|x64.ActiveCfg = Release|Any CPU
		{990CA37A-86D3-4FE6-B777-3CF0DDAC6BF6}.Release|x64.Build.0 = Release|Any CPU
		{990CA37A-86D3-4FE6-B777-3CF0DDAC6BF6}.Release|x86.ActiveCfg = Release|Any CPU
		{990CA37A-86D3-4FE6-B777-3CF0DDAC6BF6}.Release|x86.Build.0 = Release|Any CPU
		{2119CE89-308D-4932-BFCE-8CDC0A05EB9E}.Debug|Any CPU.ActiveCfg = Debug|Any CPU
		{2119CE89-308D-4932-BFCE-8CDC0A05EB9E}.Debug|Any CPU.Build.0 = Debug|Any CPU
		{2119CE89-308D-4932-BFCE-8CDC0A05EB9E}.Debug|x64.ActiveCfg = Debug|Any CPU
		{2119CE89-308D-4932-BFCE-8CDC0A05EB9E}.Debug|x64.Build.0 = Debug|Any CPU
		{2119CE89-308D-4932-BFCE-8CDC0A05EB9E}.Debug|x86.ActiveCfg = Debug|Any CPU
		{2119CE89-308D-4932-BFCE-8CDC0A05EB9E}.Debug|x86.Build.0 = Debug|Any CPU
		{2119CE89-308D-4932-BFCE-8CDC0A05EB9E}.Release|Any CPU.ActiveCfg = Release|Any CPU
		{2119CE89-308D-4932-BFCE-8CDC0A05EB9E}.Release|Any CPU.Build.0 = Release|Any CPU
		{2119CE89-308D-4932-BFCE-8CDC0A05EB9E}.Release|x64.ActiveCfg = Release|Any CPU
		{2119CE89-308D-4932-BFCE-8CDC0A05EB9E}.Release|x64.Build.0 = Release|Any CPU
		{2119CE89-308D-4932-BFCE-8CDC0A05EB9E}.Release|x86.ActiveCfg = Release|Any CPU
		{2119CE89-308D-4932-BFCE-8CDC0A05EB9E}.Release|x86.Build.0 = Release|Any CPU
	EndGlobalSection
	GlobalSection(SolutionProperties) = preSolution
		HideSolutionNode = FALSE
	EndGlobalSection
	GlobalSection(NestedProjects) = preSolution
		{F3DF5AC5-8CDC-46D4-969D-1245A6880215} = {CE64E92B-E088-46FB-9028-7FB6B67DEC55}
		{93324D12-DE1B-4C1B-934A-92AA140FF6F6} = {F3DF5AC5-8CDC-46D4-969D-1245A6880215}
		{79981A5A-207A-4A16-A21B-5E80394082F6} = {F3DF5AC5-8CDC-46D4-969D-1245A6880215}
		{05248A38-0F34-4E59-A3D1-B07097987AFB} = {CE64E92B-E088-46FB-9028-7FB6B67DEC55}
		{32F5383E-4201-4527-98DB-40715BB9F574} = {F3DF5AC5-8CDC-46D4-969D-1245A6880215}
		{12F8343D-20A6-4E24-B0F5-3A66F2228CF6} = {CE64E92B-E088-46FB-9028-7FB6B67DEC55}
		{294D6FF8-9379-4AB8-A203-8D0CC85FBFBB} = {05248A38-0F34-4E59-A3D1-B07097987AFB}
		{A1D828E4-6B83-4BA2-B8E9-B21CE3BE8A31} = {05248A38-0F34-4E59-A3D1-B07097987AFB}
		{86BD3DF6-A3E9-4839-8036-813A20DC8AD6} = {CE64E92B-E088-46FB-9028-7FB6B67DEC55}
		{ECCEA352-8953-49D6-8F87-8AB361499420} = {12F8343D-20A6-4E24-B0F5-3A66F2228CF6}
		{D64AD07C-A711-42D8-8653-EDCD7A825A44} = {12F8343D-20A6-4E24-B0F5-3A66F2228CF6}
		{E54C7411-6CB4-4AE7-B583-4E669C3C0059} = {32F5383E-4201-4527-98DB-40715BB9F574}
		{B3866EEF-8F46-4302-ABAC-A95EE2F27331} = {79981A5A-207A-4A16-A21B-5E80394082F6}
		{8C7DAF8E-F792-4092-8BBF-31A6B898B39A} = {93324D12-DE1B-4C1B-934A-92AA140FF6F6}
		{B15705B5-041C-4F1E-8342-AD03182EDD42} = {93324D12-DE1B-4C1B-934A-92AA140FF6F6}
		{89FE1C3B-29D3-48A8-8E7D-90C261D266C5} = {93324D12-DE1B-4C1B-934A-92AA140FF6F6}
		{BCE4A428-8B97-4B56-AE45-496EE3906667} = {2B1F75CE-07A6-4C19-A2E3-F9E062CFDDFB}
		{27BEF279-AE73-43DC-92A9-FD7021A999D0} = {2B1F75CE-07A6-4C19-A2E3-F9E062CFDDFB}
		{34359707-CE66-4DF0-9EF4-D7544B615564} = {2B1F75CE-07A6-4C19-A2E3-F9E062CFDDFB}
		{990CA37A-86D3-4FE6-B777-3CF0DDAC6BF6} = {D36E77BC-4568-4BC8-9506-1EFB7B1CD335}
		{2119CE89-308D-4932-BFCE-8CDC0A05EB9E} = {D36E77BC-4568-4BC8-9506-1EFB7B1CD335}
	EndGlobalSection
	GlobalSection(ExtensibilityGlobals) = postSolution
		SolutionGuid = {EA8248C2-3877-4AF7-8777-A17E7881E030}
	EndGlobalSection
EndGlobal
