
Microsoft Visual Studio Solution File, Format Version 12.00
# Visual Studio Version 17
VisualStudioVersion = 17.0.31903.59
MinimumVisualStudioVersion = 10.0.40219.1
Project("{9A19103F-16F7-4668-BE54-9A1E7A4F7556}") = "Server", "Server\Server.csproj", "{EBE61E22-553A-49D2-A01D-53C2BAC453FD}"
EndProject
Project("{2150E333-8FDC-42A3-9474-1A3956D46DE8}") = "Modules", "Modules", "{F3DF5AC5-8CDC-46D4-969D-1245A6880215}"
EndProject
Project("{2150E333-8FDC-42A3-9474-1A3956D46DE8}") = "Solution Items", "Solution Items", "{A32CEFB3-4E50-401E-8835-787534414F41}"
	ProjectSection(SolutionItems) = preProject
		.editorconfig = .editorconfig
		Directory.Build.props = Directory.Build.props
		Directory.Packages.props = Directory.Packages.props
		README.md = README.md
	EndProjectSection
EndProject
Project("{2150E333-8FDC-42A3-9474-1A3956D46DE8}") = "Catalog", "Catalog", "{93324D12-DE1B-4C1B-934A-92AA140FF6F6}"
EndProject
Project("{2150E333-8FDC-42A3-9474-1A3956D46DE8}") = "Todo", "Todo", "{79981A5A-207A-4A16-A21B-5E80394082F6}"
EndProject
Project("{9A19103F-16F7-4668-BE54-9A1E7A4F7556}") = "Catalog.Application", "modules\Catalog\Catalog.Application\Catalog.Application.csproj", "{9F0AE9B6-25C0-4764-B869-D61B6525D189}"
EndProject
Project("{9A19103F-16F7-4668-BE54-9A1E7A4F7556}") = "Catalog.Domain", "modules\Catalog\Catalog.Domain\Catalog.Domain.csproj", "{29C347C7-41A9-4310-9BEB-04A1E2A24CA5}"
EndProject
Project("{9A19103F-16F7-4668-BE54-9A1E7A4F7556}") = "Catalog.Infrastructure", "modules\Catalog\Catalog.Infrastructure\Catalog.Infrastructure.csproj", "{AC896927-04B0-4E0F-B94D-1D970A417534}"
EndProject
Project("{9A19103F-16F7-4668-BE54-9A1E7A4F7556}") = "Todo", "modules\Todo\Todo.csproj", "{62A7F6BA-5020-4AD8-BFDF-E2B1950DD76F}"
EndProject
Project("{2150E333-8FDC-42A3-9474-1A3956D46DE8}") = "Framework", "Framework", "{05248A38-0F34-4E59-A3D1-B07097987AFB}"
EndProject
Project("{9A19103F-16F7-4668-BE54-9A1E7A4F7556}") = "Core", "framework\Core\Core.csproj", "{C0E97D3D-2151-43F0-9E16-A4AD1992C4EC}"
EndProject
Project("{9A19103F-16F7-4668-BE54-9A1E7A4F7556}") = "Infrastructure", "Framework\Infrastructure\Infrastructure.csproj", "{F918EDCE-0089-440D-AD7F-3606C3CC1472}"
EndProject
Project("{2150E333-8FDC-42A3-9474-1A3956D46DE8}") = "Shared", "Shared", "{32F5383E-4201-4527-98DB-40715BB9F574}"
EndProject
Project("{9A19103F-16F7-4668-BE54-9A1E7A4F7556}") = "Events", "modules\Shared\Events\Events.csproj", "{2537D27F-FD74-4A9D-8ECB-85FEFB4716D8}"
EndProject
Project("{2150E333-8FDC-42A3-9474-1A3956D46DE8}") = "Migrations", "Migrations", "{12F8343D-20A6-4E24-B0F5-3A66F2228CF6}"
EndProject
Project("{9A19103F-16F7-4668-BE54-9A1E7A4F7556}") = "PostgreSQL", "migrations\PostgreSQL\PostgreSQL.csproj", "{6EB9D713-B3F6-495A-AF78-8DF2234B758C}"
EndProject
Global
	GlobalSection(SolutionConfigurationPlatforms) = preSolution
		Debug|Any CPU = Debug|Any CPU
		Debug|x64 = Debug|x64
		Debug|x86 = Debug|x86
		Release|Any CPU = Release|Any CPU
		Release|x64 = Release|x64
		Release|x86 = Release|x86
	EndGlobalSection
	GlobalSection(ProjectConfigurationPlatforms) = postSolution
		{EBE61E22-553A-49D2-A01D-53C2BAC453FD}.Debug|Any CPU.ActiveCfg = Debug|Any CPU
		{EBE61E22-553A-49D2-A01D-53C2BAC453FD}.Debug|Any CPU.Build.0 = Debug|Any CPU
		{EBE61E22-553A-49D2-A01D-53C2BAC453FD}.Debug|x64.ActiveCfg = Debug|Any CPU
		{EBE61E22-553A-49D2-A01D-53C2BAC453FD}.Debug|x64.Build.0 = Debug|Any CPU
		{EBE61E22-553A-49D2-A01D-53C2BAC453FD}.Debug|x86.ActiveCfg = Debug|Any CPU
		{EBE61E22-553A-49D2-A01D-53C2BAC453FD}.Debug|x86.Build.0 = Debug|Any CPU
		{EBE61E22-553A-49D2-A01D-53C2BAC453FD}.Release|Any CPU.ActiveCfg = Release|Any CPU
		{EBE61E22-553A-49D2-A01D-53C2BAC453FD}.Release|Any CPU.Build.0 = Release|Any CPU
		{EBE61E22-553A-49D2-A01D-53C2BAC453FD}.Release|x64.ActiveCfg = Release|Any CPU
		{EBE61E22-553A-49D2-A01D-53C2BAC453FD}.Release|x64.Build.0 = Release|Any CPU
		{EBE61E22-553A-49D2-A01D-53C2BAC453FD}.Release|x86.ActiveCfg = Release|Any CPU
		{EBE61E22-553A-49D2-A01D-53C2BAC453FD}.Release|x86.Build.0 = Release|Any CPU
		{9F0AE9B6-25C0-4764-B869-D61B6525D189}.Debug|Any CPU.ActiveCfg = Debug|Any CPU
		{9F0AE9B6-25C0-4764-B869-D61B6525D189}.Debug|Any CPU.Build.0 = Debug|Any CPU
		{9F0AE9B6-25C0-4764-B869-D61B6525D189}.Debug|x64.ActiveCfg = Debug|Any CPU
		{9F0AE9B6-25C0-4764-B869-D61B6525D189}.Debug|x64.Build.0 = Debug|Any CPU
		{9F0AE9B6-25C0-4764-B869-D61B6525D189}.Debug|x86.ActiveCfg = Debug|Any CPU
		{9F0AE9B6-25C0-4764-B869-D61B6525D189}.Debug|x86.Build.0 = Debug|Any CPU
		{9F0AE9B6-25C0-4764-B869-D61B6525D189}.Release|Any CPU.ActiveCfg = Release|Any CPU
		{9F0AE9B6-25C0-4764-B869-D61B6525D189}.Release|Any CPU.Build.0 = Release|Any CPU
		{9F0AE9B6-25C0-4764-B869-D61B6525D189}.Release|x64.ActiveCfg = Release|Any CPU
		{9F0AE9B6-25C0-4764-B869-D61B6525D189}.Release|x64.Build.0 = Release|Any CPU
		{9F0AE9B6-25C0-4764-B869-D61B6525D189}.Release|x86.ActiveCfg = Release|Any CPU
		{9F0AE9B6-25C0-4764-B869-D61B6525D189}.Release|x86.Build.0 = Release|Any CPU
		{29C347C7-41A9-4310-9BEB-04A1E2A24CA5}.Debug|Any CPU.ActiveCfg = Debug|Any CPU
		{29C347C7-41A9-4310-9BEB-04A1E2A24CA5}.Debug|Any CPU.Build.0 = Debug|Any CPU
		{29C347C7-41A9-4310-9BEB-04A1E2A24CA5}.Debug|x64.ActiveCfg = Debug|Any CPU
		{29C347C7-41A9-4310-9BEB-04A1E2A24CA5}.Debug|x64.Build.0 = Debug|Any CPU
		{29C347C7-41A9-4310-9BEB-04A1E2A24CA5}.Debug|x86.ActiveCfg = Debug|Any CPU
		{29C347C7-41A9-4310-9BEB-04A1E2A24CA5}.Debug|x86.Build.0 = Debug|Any CPU
		{29C347C7-41A9-4310-9BEB-04A1E2A24CA5}.Release|Any CPU.ActiveCfg = Release|Any CPU
		{29C347C7-41A9-4310-9BEB-04A1E2A24CA5}.Release|Any CPU.Build.0 = Release|Any CPU
		{29C347C7-41A9-4310-9BEB-04A1E2A24CA5}.Release|x64.ActiveCfg = Release|Any CPU
		{29C347C7-41A9-4310-9BEB-04A1E2A24CA5}.Release|x64.Build.0 = Release|Any CPU
		{29C347C7-41A9-4310-9BEB-04A1E2A24CA5}.Release|x86.ActiveCfg = Release|Any CPU
		{29C347C7-41A9-4310-9BEB-04A1E2A24CA5}.Release|x86.Build.0 = Release|Any CPU
		{AC896927-04B0-4E0F-B94D-1D970A417534}.Debug|Any CPU.ActiveCfg = Debug|Any CPU
		{AC896927-04B0-4E0F-B94D-1D970A417534}.Debug|Any CPU.Build.0 = Debug|Any CPU
		{AC896927-04B0-4E0F-B94D-1D970A417534}.Debug|x64.ActiveCfg = Debug|Any CPU
		{AC896927-04B0-4E0F-B94D-1D970A417534}.Debug|x64.Build.0 = Debug|Any CPU
		{AC896927-04B0-4E0F-B94D-1D970A417534}.Debug|x86.ActiveCfg = Debug|Any CPU
		{AC896927-04B0-4E0F-B94D-1D970A417534}.Debug|x86.Build.0 = Debug|Any CPU
		{AC896927-04B0-4E0F-B94D-1D970A417534}.Release|Any CPU.ActiveCfg = Release|Any CPU
		{AC896927-04B0-4E0F-B94D-1D970A417534}.Release|Any CPU.Build.0 = Release|Any CPU
		{AC896927-04B0-4E0F-B94D-1D970A417534}.Release|x64.ActiveCfg = Release|Any CPU
		{AC896927-04B0-4E0F-B94D-1D970A417534}.Release|x64.Build.0 = Release|Any CPU
		{AC896927-04B0-4E0F-B94D-1D970A417534}.Release|x86.ActiveCfg = Release|Any CPU
		{AC896927-04B0-4E0F-B94D-1D970A417534}.Release|x86.Build.0 = Release|Any CPU
		{62A7F6BA-5020-4AD8-BFDF-E2B1950DD76F}.Debug|Any CPU.ActiveCfg = Debug|Any CPU
		{62A7F6BA-5020-4AD8-BFDF-E2B1950DD76F}.Debug|Any CPU.Build.0 = Debug|Any CPU
		{62A7F6BA-5020-4AD8-BFDF-E2B1950DD76F}.Debug|x64.ActiveCfg = Debug|Any CPU
		{62A7F6BA-5020-4AD8-BFDF-E2B1950DD76F}.Debug|x64.Build.0 = Debug|Any CPU
		{62A7F6BA-5020-4AD8-BFDF-E2B1950DD76F}.Debug|x86.ActiveCfg = Debug|Any CPU
		{62A7F6BA-5020-4AD8-BFDF-E2B1950DD76F}.Debug|x86.Build.0 = Debug|Any CPU
		{62A7F6BA-5020-4AD8-BFDF-E2B1950DD76F}.Release|Any CPU.ActiveCfg = Release|Any CPU
		{62A7F6BA-5020-4AD8-BFDF-E2B1950DD76F}.Release|Any CPU.Build.0 = Release|Any CPU
		{62A7F6BA-5020-4AD8-BFDF-E2B1950DD76F}.Release|x64.ActiveCfg = Release|Any CPU
		{62A7F6BA-5020-4AD8-BFDF-E2B1950DD76F}.Release|x64.Build.0 = Release|Any CPU
		{62A7F6BA-5020-4AD8-BFDF-E2B1950DD76F}.Release|x86.ActiveCfg = Release|Any CPU
		{62A7F6BA-5020-4AD8-BFDF-E2B1950DD76F}.Release|x86.Build.0 = Release|Any CPU
		{C0E97D3D-2151-43F0-9E16-A4AD1992C4EC}.Debug|Any CPU.ActiveCfg = Debug|Any CPU
		{C0E97D3D-2151-43F0-9E16-A4AD1992C4EC}.Debug|Any CPU.Build.0 = Debug|Any CPU
		{C0E97D3D-2151-43F0-9E16-A4AD1992C4EC}.Debug|x64.ActiveCfg = Debug|Any CPU
		{C0E97D3D-2151-43F0-9E16-A4AD1992C4EC}.Debug|x64.Build.0 = Debug|Any CPU
		{C0E97D3D-2151-43F0-9E16-A4AD1992C4EC}.Debug|x86.ActiveCfg = Debug|Any CPU
		{C0E97D3D-2151-43F0-9E16-A4AD1992C4EC}.Debug|x86.Build.0 = Debug|Any CPU
		{C0E97D3D-2151-43F0-9E16-A4AD1992C4EC}.Release|Any CPU.ActiveCfg = Release|Any CPU
		{C0E97D3D-2151-43F0-9E16-A4AD1992C4EC}.Release|Any CPU.Build.0 = Release|Any CPU
		{C0E97D3D-2151-43F0-9E16-A4AD1992C4EC}.Release|x64.ActiveCfg = Release|Any CPU
		{C0E97D3D-2151-43F0-9E16-A4AD1992C4EC}.Release|x64.Build.0 = Release|Any CPU
		{C0E97D3D-2151-43F0-9E16-A4AD1992C4EC}.Release|x86.ActiveCfg = Release|Any CPU
		{C0E97D3D-2151-43F0-9E16-A4AD1992C4EC}.Release|x86.Build.0 = Release|Any CPU
		{F918EDCE-0089-440D-AD7F-3606C3CC1472}.Debug|Any CPU.ActiveCfg = Debug|Any CPU
		{F918EDCE-0089-440D-AD7F-3606C3CC1472}.Debug|Any CPU.Build.0 = Debug|Any CPU
		{F918EDCE-0089-440D-AD7F-3606C3CC1472}.Debug|x64.ActiveCfg = Debug|Any CPU
		{F918EDCE-0089-440D-AD7F-3606C3CC1472}.Debug|x64.Build.0 = Debug|Any CPU
		{F918EDCE-0089-440D-AD7F-3606C3CC1472}.Debug|x86.ActiveCfg = Debug|Any CPU
		{F918EDCE-0089-440D-AD7F-3606C3CC1472}.Debug|x86.Build.0 = Debug|Any CPU
		{F918EDCE-0089-440D-AD7F-3606C3CC1472}.Release|Any CPU.ActiveCfg = Release|Any CPU
		{F918EDCE-0089-440D-AD7F-3606C3CC1472}.Release|Any CPU.Build.0 = Release|Any CPU
		{F918EDCE-0089-440D-AD7F-3606C3CC1472}.Release|x64.ActiveCfg = Release|Any CPU
		{F918EDCE-0089-440D-AD7F-3606C3CC1472}.Release|x64.Build.0 = Release|Any CPU
		{F918EDCE-0089-440D-AD7F-3606C3CC1472}.Release|x86.ActiveCfg = Release|Any CPU
		{F918EDCE-0089-440D-AD7F-3606C3CC1472}.Release|x86.Build.0 = Release|Any CPU
		{2537D27F-FD74-4A9D-8ECB-85FEFB4716D8}.Debug|Any CPU.ActiveCfg = Debug|Any CPU
		{2537D27F-FD74-4A9D-8ECB-85FEFB4716D8}.Debug|Any CPU.Build.0 = Debug|Any CPU
		{2537D27F-FD74-4A9D-8ECB-85FEFB4716D8}.Debug|x64.ActiveCfg = Debug|Any CPU
		{2537D27F-FD74-4A9D-8ECB-85FEFB4716D8}.Debug|x64.Build.0 = Debug|Any CPU
		{2537D27F-FD74-4A9D-8ECB-85FEFB4716D8}.Debug|x86.ActiveCfg = Debug|Any CPU
		{2537D27F-FD74-4A9D-8ECB-85FEFB4716D8}.Debug|x86.Build.0 = Debug|Any CPU
		{2537D27F-FD74-4A9D-8ECB-85FEFB4716D8}.Release|Any CPU.ActiveCfg = Release|Any CPU
		{2537D27F-FD74-4A9D-8ECB-85FEFB4716D8}.Release|Any CPU.Build.0 = Release|Any CPU
		{2537D27F-FD74-4A9D-8ECB-85FEFB4716D8}.Release|x64.ActiveCfg = Release|Any CPU
		{2537D27F-FD74-4A9D-8ECB-85FEFB4716D8}.Release|x64.Build.0 = Release|Any CPU
		{2537D27F-FD74-4A9D-8ECB-85FEFB4716D8}.Release|x86.ActiveCfg = Release|Any CPU
		{2537D27F-FD74-4A9D-8ECB-85FEFB4716D8}.Release|x86.Build.0 = Release|Any CPU
		{6EB9D713-B3F6-495A-AF78-8DF2234B758C}.Debug|Any CPU.ActiveCfg = Debug|Any CPU
		{6EB9D713-B3F6-495A-AF78-8DF2234B758C}.Debug|Any CPU.Build.0 = Debug|Any CPU
		{6EB9D713-B3F6-495A-AF78-8DF2234B758C}.Debug|x64.ActiveCfg = Debug|Any CPU
		{6EB9D713-B3F6-495A-AF78-8DF2234B758C}.Debug|x64.Build.0 = Debug|Any CPU
		{6EB9D713-B3F6-495A-AF78-8DF2234B758C}.Debug|x86.ActiveCfg = Debug|Any CPU
		{6EB9D713-B3F6-495A-AF78-8DF2234B758C}.Debug|x86.Build.0 = Debug|Any CPU
		{6EB9D713-B3F6-495A-AF78-8DF2234B758C}.Release|Any CPU.ActiveCfg = Release|Any CPU
		{6EB9D713-B3F6-495A-AF78-8DF2234B758C}.Release|Any CPU.Build.0 = Release|Any CPU
		{6EB9D713-B3F6-495A-AF78-8DF2234B758C}.Release|x64.ActiveCfg = Release|Any CPU
		{6EB9D713-B3F6-495A-AF78-8DF2234B758C}.Release|x64.Build.0 = Release|Any CPU
		{6EB9D713-B3F6-495A-AF78-8DF2234B758C}.Release|x86.ActiveCfg = Release|Any CPU
		{6EB9D713-B3F6-495A-AF78-8DF2234B758C}.Release|x86.Build.0 = Release|Any CPU
	EndGlobalSection
	GlobalSection(SolutionProperties) = preSolution
		HideSolutionNode = FALSE
	EndGlobalSection
	GlobalSection(NestedProjects) = preSolution
		{93324D12-DE1B-4C1B-934A-92AA140FF6F6} = {F3DF5AC5-8CDC-46D4-969D-1245A6880215}
		{79981A5A-207A-4A16-A21B-5E80394082F6} = {F3DF5AC5-8CDC-46D4-969D-1245A6880215}
		{9F0AE9B6-25C0-4764-B869-D61B6525D189} = {93324D12-DE1B-4C1B-934A-92AA140FF6F6}
		{29C347C7-41A9-4310-9BEB-04A1E2A24CA5} = {93324D12-DE1B-4C1B-934A-92AA140FF6F6}
		{AC896927-04B0-4E0F-B94D-1D970A417534} = {93324D12-DE1B-4C1B-934A-92AA140FF6F6}
		{62A7F6BA-5020-4AD8-BFDF-E2B1950DD76F} = {79981A5A-207A-4A16-A21B-5E80394082F6}
		{C0E97D3D-2151-43F0-9E16-A4AD1992C4EC} = {05248A38-0F34-4E59-A3D1-B07097987AFB}
		{F918EDCE-0089-440D-AD7F-3606C3CC1472} = {05248A38-0F34-4E59-A3D1-B07097987AFB}
		{32F5383E-4201-4527-98DB-40715BB9F574} = {F3DF5AC5-8CDC-46D4-969D-1245A6880215}
		{2537D27F-FD74-4A9D-8ECB-85FEFB4716D8} = {32F5383E-4201-4527-98DB-40715BB9F574}
		{6EB9D713-B3F6-495A-AF78-8DF2234B758C} = {12F8343D-20A6-4E24-B0F5-3A66F2228CF6}
	EndGlobalSection
	GlobalSection(ExtensibilityGlobals) = postSolution
		SolutionGuid = {EA8248C2-3877-4AF7-8777-A17E7881E030}
	EndGlobalSection
EndGlobal
