
Microsoft Visual Studio Solution File, Format Version 12.00
# Visual Studio Version 17
VisualStudioVersion = 17.0.31903.59
MinimumVisualStudioVersion = 10.0.40219.1
Project("{9A19103F-16F7-4668-BE54-9A1E7A4F7556}") = "Server", "Server\Server.csproj", "{EBE61E22-553A-49D2-A01D-53C2BAC453FD}"
EndProject
Project("{9A19103F-16F7-4668-BE54-9A1E7A4F7556}") = "Framework", "Framework\Framework.csproj", "{EA40F86D-B868-45FA-89FC-9C60EDEE12A4}"
EndProject
Project("{2150E333-8FDC-42A3-9474-1A3956D46DE8}") = "Modules", "Modules", "{F3DF5AC5-8CDC-46D4-969D-1245A6880215}"
EndProject
Project("{9A19103F-16F7-4668-BE54-9A1E7A4F7556}") = "Catalog", "Modules\Catalog\Catalog.csproj", "{3F159ECB-1D67-4F8F-A51B-8D856CF86B60}"
EndProject
Project("{2150E333-8FDC-42A3-9474-1A3956D46DE8}") = "Solution Items", "Solution Items", "{A32CEFB3-4E50-401E-8835-787534414F41}"
	ProjectSection(SolutionItems) = preProject
		.editorconfig = .editorconfig
		Directory.Build.props = Directory.Build.props
		Directory.Packages.props = Directory.Packages.props
	EndProjectSection
EndProject
Global
	GlobalSection(SolutionConfigurationPlatforms) = preSolution
		Debug|Any CPU = Debug|Any CPU
		Debug|x64 = Debug|x64
		Debug|x86 = Debug|x86
		Release|Any CPU = Release|Any CPU
		Release|x64 = Release|x64
		Release|x86 = Release|x86
	EndGlobalSection
	GlobalSection(ProjectConfigurationPlatforms) = postSolution
		{EBE61E22-553A-49D2-A01D-53C2BAC453FD}.Debug|Any CPU.ActiveCfg = Debug|Any CPU
		{EBE61E22-553A-49D2-A01D-53C2BAC453FD}.Debug|Any CPU.Build.0 = Debug|Any CPU
		{EBE61E22-553A-49D2-A01D-53C2BAC453FD}.Debug|x64.ActiveCfg = Debug|Any CPU
		{EBE61E22-553A-49D2-A01D-53C2BAC453FD}.Debug|x64.Build.0 = Debug|Any CPU
		{EBE61E22-553A-49D2-A01D-53C2BAC453FD}.Debug|x86.ActiveCfg = Debug|Any CPU
		{EBE61E22-553A-49D2-A01D-53C2BAC453FD}.Debug|x86.Build.0 = Debug|Any CPU
		{EBE61E22-553A-49D2-A01D-53C2BAC453FD}.Release|Any CPU.ActiveCfg = Release|Any CPU
		{EBE61E22-553A-49D2-A01D-53C2BAC453FD}.Release|Any CPU.Build.0 = Release|Any CPU
		{EBE61E22-553A-49D2-A01D-53C2BAC453FD}.Release|x64.ActiveCfg = Release|Any CPU
		{EBE61E22-553A-49D2-A01D-53C2BAC453FD}.Release|x64.Build.0 = Release|Any CPU
		{EBE61E22-553A-49D2-A01D-53C2BAC453FD}.Release|x86.ActiveCfg = Release|Any CPU
		{EBE61E22-553A-49D2-A01D-53C2BAC453FD}.Release|x86.Build.0 = Release|Any CPU
		{EA40F86D-B868-45FA-89FC-9C60EDEE12A4}.Debug|Any CPU.ActiveCfg = Debug|Any CPU
		{EA40F86D-B868-45FA-89FC-9C60EDEE12A4}.Debug|Any CPU.Build.0 = Debug|Any CPU
		{EA40F86D-B868-45FA-89FC-9C60EDEE12A4}.Debug|x64.ActiveCfg = Debug|Any CPU
		{EA40F86D-B868-45FA-89FC-9C60EDEE12A4}.Debug|x64.Build.0 = Debug|Any CPU
		{EA40F86D-B868-45FA-89FC-9C60EDEE12A4}.Debug|x86.ActiveCfg = Debug|Any CPU
		{EA40F86D-B868-45FA-89FC-9C60EDEE12A4}.Debug|x86.Build.0 = Debug|Any CPU
		{EA40F86D-B868-45FA-89FC-9C60EDEE12A4}.Release|Any CPU.ActiveCfg = Release|Any CPU
		{EA40F86D-B868-45FA-89FC-9C60EDEE12A4}.Release|Any CPU.Build.0 = Release|Any CPU
		{EA40F86D-B868-45FA-89FC-9C60EDEE12A4}.Release|x64.ActiveCfg = Release|Any CPU
		{EA40F86D-B868-45FA-89FC-9C60EDEE12A4}.Release|x64.Build.0 = Release|Any CPU
		{EA40F86D-B868-45FA-89FC-9C60EDEE12A4}.Release|x86.ActiveCfg = Release|Any CPU
		{EA40F86D-B868-45FA-89FC-9C60EDEE12A4}.Release|x86.Build.0 = Release|Any CPU
		{3F159ECB-1D67-4F8F-A51B-8D856CF86B60}.Debug|Any CPU.ActiveCfg = Debug|Any CPU
		{3F159ECB-1D67-4F8F-A51B-8D856CF86B60}.Debug|Any CPU.Build.0 = Debug|Any CPU
		{3F159ECB-1D67-4F8F-A51B-8D856CF86B60}.Debug|x64.ActiveCfg = Debug|Any CPU
		{3F159ECB-1D67-4F8F-A51B-8D856CF86B60}.Debug|x64.Build.0 = Debug|Any CPU
		{3F159ECB-1D67-4F8F-A51B-8D856CF86B60}.Debug|x86.ActiveCfg = Debug|Any CPU
		{3F159ECB-1D67-4F8F-A51B-8D856CF86B60}.Debug|x86.Build.0 = Debug|Any CPU
		{3F159ECB-1D67-4F8F-A51B-8D856CF86B60}.Release|Any CPU.ActiveCfg = Release|Any CPU
		{3F159ECB-1D67-4F8F-A51B-8D856CF86B60}.Release|Any CPU.Build.0 = Release|Any CPU
		{3F159ECB-1D67-4F8F-A51B-8D856CF86B60}.Release|x64.ActiveCfg = Release|Any CPU
		{3F159ECB-1D67-4F8F-A51B-8D856CF86B60}.Release|x64.Build.0 = Release|Any CPU
		{3F159ECB-1D67-4F8F-A51B-8D856CF86B60}.Release|x86.ActiveCfg = Release|Any CPU
		{3F159ECB-1D67-4F8F-A51B-8D856CF86B60}.Release|x86.Build.0 = Release|Any CPU
	EndGlobalSection
	GlobalSection(SolutionProperties) = preSolution
		HideSolutionNode = FALSE
	EndGlobalSection
	GlobalSection(NestedProjects) = preSolution
		{3F159ECB-1D67-4F8F-A51B-8D856CF86B60} = {F3DF5AC5-8CDC-46D4-969D-1245A6880215}
	EndGlobalSection
EndGlobal
